PODS:
  - Flutter (1.0.0)
  - flutter_liblinphone (0.0.1):
    - Flutter
    - linphone-sdk
  - linphone-sdk (5.3.23)
  - url_launcher_ios (0.0.1):
    - Flutter

DEPENDENCIES:
  - Flutter (from `Flutter`)
  - flutter_liblinphone (from `.symlinks/plugins/flutter_liblinphone/ios`)
  - url_launcher_ios (from `.symlinks/plugins/url_launcher_ios/ios`)

SPEC REPOS:
  https://gitlab.linphone.org/BC/public/podspec.git:
    - linphone-sdk

EXTERNAL SOURCES:
  Flutter:
    :path: Flutter
  flutter_liblinphone:
    :path: ".symlinks/plugins/flutter_liblinphone/ios"
  url_launcher_ios:
    :path: ".symlinks/plugins/url_launcher_ios/ios"

SPEC CHECKSUMS:
  Flutter: e0871f40cf51350855a761d2e70bf5af5b9b5de7
  flutter_liblinphone: c5d52b2806cae26f5f36d98b1620b7bd9014eed7
  linphone-sdk: 0f377eb95c8bbde662ebf309a123b9738415dd6a
  url_launcher_ios: 08a3dfac5fb39e8759aeb0abbd5d9480f30fc8b4

PODFILE CHECKSUM: 91898fb04b62eb6a32f24ea4b05508c06c92ec4b

COCOAPODS: 1.14.3
